// !$*UTF8*$!
{
	archiveVersion = 1;
	classes = {
	};
	objectVersion = 50;
	objects = {

/* Begin PBXBuildFile section */
		FAA5F84E2328D00300A3189E /* XYRefreshGifHeader.m in Sources */ = {isa = PBXBuildFile; fileRef = FAA5F8472328D00300A3189E /* XYRefreshGifHeader.m */; };
		FAA5F84F2328D00300A3189E /* RCTWebView+MJRfresh.m in Sources */ = {isa = PBXBuildFile; fileRef = FAA5F8492328D00300A3189E /* RCTWebView+MJRfresh.m */; };
		FAA5F8502328D00300A3189E /* RCTScrollView+MJRefresh.m in Sources */ = {isa = PBXBuildFile; fileRef = FAA5F84A2328D00300A3189E /* RCTScrollView+MJRefresh.m */; };
		FAA5F8512328D00300A3189E /* RCTScrollViewManager+MJRefresh.m in Sources */ = {isa = PBXBuildFile; fileRef = FAA5F84C2328D00300A3189E /* RCTScrollViewManager+MJRefresh.m */; };
		FAA5F8522328D00300A3189E /* RCTWebViewManager+MJRefresh.m in Sources */ = {isa = PBXBuildFile; fileRef = FAA5F84D2328D00300A3189E /* RCTWebViewManager+MJRefresh.m */; };
/* End PBXBuildFile section */

/* Begin PBXCopyFilesBuildPhase section */
		FAA5F8362328CFCA00A3189E /* CopyFiles */ = {
			isa = PBXCopyFilesBuildPhase;
			buildActionMask = 2147483647;
			dstPath = "include/$(PRODUCT_NAME)";
			dstSubfolderSpec = 16;
			files = (
			);
			runOnlyForDeploymentPostprocessing = 0;
		};
/* End PBXCopyFilesBuildPhase section */

/* Begin PBXFileReference section */
		FAA5F8382328CFCA00A3189E /* libReactNativeMJRefresh.a */ = {isa = PBXFileReference; explicitFileType = archive.ar; includeInIndex = 0; path = libReactNativeMJRefresh.a; sourceTree = BUILT_PRODUCTS_DIR; };
		FAA5F8442328D00200A3189E /* XYRefreshGifHeader.h */ = {isa = PBXFileReference; fileEncoding = 4; lastKnownFileType = sourcecode.c.h; path = XYRefreshGifHeader.h; sourceTree = "<group>"; };
		FAA5F8452328D00200A3189E /* RCTWebViewManager+MJRefresh.h */ = {isa = PBXFileReference; fileEncoding = 4; lastKnownFileType = sourcecode.c.h; path = "RCTWebViewManager+MJRefresh.h"; sourceTree = "<group>"; };
		FAA5F8462328D00200A3189E /* RCTScrollView+MJRefresh.h */ = {isa = PBXFileReference; fileEncoding = 4; lastKnownFileType = sourcecode.c.h; path = "RCTScrollView+MJRefresh.h"; sourceTree = "<group>"; };
		FAA5F8472328D00300A3189E /* XYRefreshGifHeader.m */ = {isa = PBXFileReference; fileEncoding = 4; lastKnownFileType = sourcecode.c.objc; path = XYRefreshGifHeader.m; sourceTree = "<group>"; };
		FAA5F8482328D00300A3189E /* RCTWebView+MJRfresh.h */ = {isa = PBXFileReference; fileEncoding = 4; lastKnownFileType = sourcecode.c.h; path = "RCTWebView+MJRfresh.h"; sourceTree = "<group>"; };
		FAA5F8492328D00300A3189E /* RCTWebView+MJRfresh.m */ = {isa = PBXFileReference; fileEncoding = 4; lastKnownFileType = sourcecode.c.objc; path = "RCTWebView+MJRfresh.m"; sourceTree = "<group>"; };
		FAA5F84A2328D00300A3189E /* RCTScrollView+MJRefresh.m */ = {isa = PBXFileReference; fileEncoding = 4; lastKnownFileType = sourcecode.c.objc; path = "RCTScrollView+MJRefresh.m"; sourceTree = "<group>"; };
		FAA5F84B2328D00300A3189E /* RCTScrollViewManager+MJRefresh.h */ = {isa = PBXFileReference; fileEncoding = 4; lastKnownFileType = sourcecode.c.h; path = "RCTScrollViewManager+MJRefresh.h"; sourceTree = "<group>"; };
		FAA5F84C2328D00300A3189E /* RCTScrollViewManager+MJRefresh.m */ = {isa = PBXFileReference; fileEncoding = 4; lastKnownFileType = sourcecode.c.objc; path = "RCTScrollViewManager+MJRefresh.m"; sourceTree = "<group>"; };
		FAA5F84D2328D00300A3189E /* RCTWebViewManager+MJRefresh.m */ = {isa = PBXFileReference; fileEncoding = 4; lastKnownFileType = sourcecode.c.objc; path = "RCTWebViewManager+MJRefresh.m"; sourceTree = "<group>"; };
/* End PBXFileReference section */

/* Begin PBXFrameworksBuildPhase section */
		FAA5F8352328CFCA00A3189E /* Frameworks */ = {
			isa = PBXFrameworksBuildPhase;
			buildActionMask = 2147483647;
			files = (
			);
			runOnlyForDeploymentPostprocessing = 0;
		};
/* End PBXFrameworksBuildPhase section */

/* Begin PBXGroup section */
		FAA5F82F2328CFCA00A3189E = {
			isa = PBXGroup;
			children = (
				FAA5F83A2328CFCA00A3189E /* ReactNativeMJRefresh */,
				FAA5F8392328CFCA00A3189E /* Products */,
			);
			sourceTree = "<group>";
		};
		FAA5F8392328CFCA00A3189E /* Products */ = {
			isa = PBXGroup;
			children = (
				FAA5F8382328CFCA00A3189E /* libReactNativeMJRefresh.a */,
			);
			name = Products;
			sourceTree = "<group>";
		};
		FAA5F83A2328CFCA00A3189E /* ReactNativeMJRefresh */ = {
			isa = PBXGroup;
			children = (
				FAA5F8462328D00200A3189E /* RCTScrollView+MJRefresh.h */,
				FAA5F84A2328D00300A3189E /* RCTScrollView+MJRefresh.m */,
				FAA5F84B2328D00300A3189E /* RCTScrollViewManager+MJRefresh.h */,
				FAA5F84C2328D00300A3189E /* RCTScrollViewManager+MJRefresh.m */,
				FAA5F8482328D00300A3189E /* RCTWebView+MJRfresh.h */,
				FAA5F8492328D00300A3189E /* RCTWebView+MJRfresh.m */,
				FAA5F8452328D00200A3189E /* RCTWebViewManager+MJRefresh.h */,
				FAA5F84D2328D00300A3189E /* RCTWebViewManager+MJRefresh.m */,
				FAA5F8442328D00200A3189E /* XYRefreshGifHeader.h */,
				FAA5F8472328D00300A3189E /* XYRefreshGifHeader.m */,
			);
			path = ReactNativeMJRefresh;
			sourceTree = "<group>";
		};
/* End PBXGroup section */

/* Begin PBXNativeTarget section */
		FAA5F8372328CFCA00A3189E /* ReactNativeMJRefresh */ = {
			isa = PBXNativeTarget;
			buildConfigurationList = FAA5F8412328CFCA00A3189E /* Build configuration list for PBXNativeTarget "ReactNativeMJRefresh" */;
			buildPhases = (
				FAA5F8342328CFCA00A3189E /* Sources */,
				FAA5F8352328CFCA00A3189E /* Frameworks */,
				FAA5F8362328CFCA00A3189E /* CopyFiles */,
			);
			buildRules = (
			);
			dependencies = (
			);
			name = ReactNativeMJRefresh;
			productName = ReactNativeMJRefresh;
			productReference = FAA5F8382328CFCA00A3189E /* libReactNativeMJRefresh.a */;
			productType = "com.apple.product-type.library.static";
		};
/* End PBXNativeTarget section */

/* Begin PBXProject section */
		FAA5F8302328CFCA00A3189E /* Project object */ = {
			isa = PBXProject;
			attributes = {
				LastUpgradeCheck = 1030;
				ORGANIZATIONNAME = opu;
				TargetAttributes = {
					FAA5F8372328CFCA00A3189E = {
						CreatedOnToolsVersion = 10.3;
					};
				};
			};
			buildConfigurationList = FAA5F8332328CFCA00A3189E /* Build configuration list for PBXProject "ReactNativeMJRefresh" */;
			compatibilityVersion = "Xcode 9.3";
			developmentRegion = en;
			hasScannedForEncodings = 0;
			knownRegions = (
				en,
			);
			mainGroup = FAA5F82F2328CFCA00A3189E;
			productRefGroup = FAA5F8392328CFCA00A3189E /* Products */;
			projectDirPath = "";
			projectRoot = "";
			targets = (
				FAA5F8372328CFCA00A3189E /* ReactNativeMJRefresh */,
			);
		};
/* End PBXProject section */

/* Begin PBXSourcesBuildPhase section */
		FAA5F8342328CFCA00A3189E /* Sources */ = {
			isa = PBXSourcesBuildPhase;
			buildActionMask = 2147483647;
			files = (
				FAA5F8522328D00300A3189E /* RCTWebViewManager+MJRefresh.m in Sources */,
				FAA5F8512328D00300A3189E /* RCTScrollViewManager+MJRefresh.m in Sources */,
				FAA5F8502328D00300A3189E /* RCTScrollView+MJRefresh.m in Sources */,
				FAA5F84E2328D00300A3189E /* XYRefreshGifHeader.m in Sources */,
				FAA5F84F2328D00300A3189E /* RCTWebView+MJRfresh.m in Sources */,
			);
			runOnlyForDeploymentPostprocessing = 0;
		};
/* End PBXSourcesBuildPhase section */

/* Begin XCBuildConfiguration section */
		FAA5F83F2328CFCA00A3189E /* Debug */ = {
			isa = XCBuildConfiguration;
			buildSettings = {
				ALWAYS_SEARCH_USER_PATHS = NO;
				CLANG_ANALYZER_NONNULL = YES;
				CLANG_ANALYZER_NUMBER_OBJECT_CONVERSION = YES_AGGRESSIVE;
				CLANG_CXX_LANGUAGE_STANDARD = "gnu++14";
				CLANG_CXX_LIBRARY = "libc++";
				CLANG_ENABLE_MODULES = YES;
				CLANG_ENABLE_OBJC_ARC = YES;
				CLANG_ENABLE_OBJC_WEAK = YES;
				CLANG_WARN_BLOCK_CAPTURE_AUTORELEASING = YES;
				CLANG_WARN_BOOL_CONVERSION = YES;
				CLANG_WARN_COMMA = YES;
				CLANG_WARN_CONSTANT_CONVERSION = YES;
				CLANG_WARN_DEPRECATED_OBJC_IMPLEMENTATIONS = YES;
				CLANG_WARN_DIRECT_OBJC_ISA_USAGE = YES_ERROR;
				CLANG_WARN_DOCUMENTATION_COMMENTS = YES;
				CLANG_WARN_EMPTY_BODY = YES;
				CLANG_WARN_ENUM_CONVERSION = YES;
				CLANG_WARN_INFINITE_RECURSION = YES;
				CLANG_WARN_INT_CONVERSION = YES;
				CLANG_WARN_NON_LITERAL_NULL_CONVERSION = YES;
				CLANG_WARN_OBJC_IMPLICIT_RETAIN_SELF = YES;
				CLANG_WARN_OBJC_LITERAL_CONVERSION = YES;
				CLANG_WARN_OBJC_ROOT_CLASS = YES_ERROR;
				CLANG_WARN_RANGE_LOOP_ANALYSIS = YES;
				CLANG_WARN_STRICT_PROTOTYPES = YES;
				CLANG_WARN_SUSPICIOUS_MOVE = YES;
				CLANG_WARN_UNGUARDED_AVAILABILITY = YES_AGGRESSIVE;
				CLANG_WARN_UNREACHABLE_CODE = YES;
				CLANG_WARN__DUPLICATE_METHOD_MATCH = YES;
				CODE_SIGN_IDENTITY = "iPhone Developer";
				COPY_PHASE_STRIP = NO;
				DEBUG_INFORMATION_FORMAT = dwarf;
				ENABLE_STRICT_OBJC_MSGSEND = YES;
				ENABLE_TESTABILITY = YES;
				GCC_C_LANGUAGE_STANDARD = gnu11;
				GCC_DYNAMIC_NO_PIC = NO;
				GCC_NO_COMMON_BLOCKS = YES;
				GCC_OPTIMIZATION_LEVEL = 0;
				GCC_PREPROCESSOR_DEFINITIONS = (
					"DEBUG=1",
					"$(inherited)",
				);
				GCC_WARN_64_TO_32_BIT_CONVERSION = YES;
				GCC_WARN_ABOUT_RETURN_TYPE = YES_ERROR;
				GCC_WARN_UNDECLARED_SELECTOR = YES;
				GCC_WARN_UNINITIALIZED_AUTOS = YES_AGGRESSIVE;
				GCC_WARN_UNUSED_FUNCTION = YES;
				GCC_WARN_UNUSED_VARIABLE = YES;
				IPHONEOS_DEPLOYMENT_TARGET = 12.4;
				MTL_ENABLE_DEBUG_INFO = INCLUDE_SOURCE;
				MTL_FAST_MATH = YES;
				ONLY_ACTIVE_ARCH = YES;
				SDKROOT = iphoneos;
			};
			name = Debug;
		};
		FAA5F8402328CFCA00A3189E /* Release */ = {
			isa = XCBuildConfiguration;
			buildSettings = {
				ALWAYS_SEARCH_USER_PATHS = NO;
				CLANG_ANALYZER_NONNULL = YES;
				CLANG_ANALYZER_NUMBER_OBJECT_CONVERSION = YES_AGGRESSIVE;
				CLANG_CXX_LANGUAGE_STANDARD = "gnu++14";
				CLANG_CXX_LIBRARY = "libc++";
				CLANG_ENABLE_MODULES = YES;
				CLANG_ENABLE_OBJC_ARC = YES;
				CLANG_ENABLE_OBJC_WEAK = YES;
				CLANG_WARN_BLOCK_CAPTURE_AUTORELEASING = YES;
				CLANG_WARN_BOOL_CONVERSION = YES;
				CLANG_WARN_COMMA = YES;
				CLANG_WARN_CONSTANT_CONVERSION = YES;
				CLANG_WARN_DEPRECATED_OBJC_IMPLEMENTATIONS = YES;
				CLANG_WARN_DIRECT_OBJC_ISA_USAGE = YES_ERROR;
				CLANG_WARN_DOCUMENTATION_COMMENTS = YES;
				CLANG_WARN_EMPTY_BODY = YES;
				CLANG_WARN_ENUM_CONVERSION = YES;
				CLANG_WARN_INFINITE_RECURSION = YES;
				CLANG_WARN_INT_CONVERSION = YES;
				CLANG_WARN_NON_LITERAL_NULL_CONVERSION = YES;
				CLANG_WARN_OBJC_IMPLICIT_RETAIN_SELF = YES;
				CLANG_WARN_OBJC_LITERAL_CONVERSION = YES;
				CLANG_WARN_OBJC_ROOT_CLASS = YES_ERROR;
				CLANG_WARN_RANGE_LOOP_ANALYSIS = YES;
				CLANG_WARN_STRICT_PROTOTYPES = YES;
				CLANG_WARN_SUSPICIOUS_MOVE = YES;
				CLANG_WARN_UNGUARDED_AVAILABILITY = YES_AGGRESSIVE;
				CLANG_WARN_UNREACHABLE_CODE = YES;
				CLANG_WARN__DUPLICATE_METHOD_MATCH = YES;
				CODE_SIGN_IDENTITY = "iPhone Developer";
				COPY_PHASE_STRIP = NO;
				DEBUG_INFORMATION_FORMAT = "dwarf-with-dsym";
				ENABLE_NS_ASSERTIONS = NO;
				ENABLE_STRICT_OBJC_MSGSEND = YES;
				GCC_C_LANGUAGE_STANDARD = gnu11;
				GCC_NO_COMMON_BLOCKS = YES;
				GCC_WARN_64_TO_32_BIT_CONVERSION = YES;
				GCC_WARN_ABOUT_RETURN_TYPE = YES_ERROR;
				GCC_WARN_UNDECLARED_SELECTOR = YES;
				GCC_WARN_UNINITIALIZED_AUTOS = YES_AGGRESSIVE;
				GCC_WARN_UNUSED_FUNCTION = YES;
				GCC_WARN_UNUSED_VARIABLE = YES;
				IPHONEOS_DEPLOYMENT_TARGET = 12.4;
				MTL_ENABLE_DEBUG_INFO = NO;
				MTL_FAST_MATH = YES;
				SDKROOT = iphoneos;
				VALIDATE_PRODUCT = YES;
			};
			name = Release;
		};
		FAA5F8422328CFCA00A3189E /* Debug */ = {
			isa = XCBuildConfiguration;
			buildSettings = {
				CODE_SIGN_STYLE = Automatic;
				DEVELOPMENT_TEAM = 5TQ5H86CGE;
				OTHER_LDFLAGS = "-ObjC";
				PRODUCT_NAME = "$(TARGET_NAME)";
				SKIP_INSTALL = YES;
				TARGETED_DEVICE_FAMILY = "1,2";
			};
			name = Debug;
		};
		FAA5F8432328CFCA00A3189E /* Release */ = {
			isa = XCBuildConfiguration;
			buildSettings = {
				CODE_SIGN_STYLE = Automatic;
				DEVELOPMENT_TEAM = 5TQ5H86CGE;
				OTHER_LDFLAGS = "-ObjC";
				PRODUCT_NAME = "$(TARGET_NAME)";
				SKIP_INSTALL = YES;
				TARGETED_DEVICE_FAMILY = "1,2";
			};
			name = Release;
		};
/* End XCBuildConfiguration section */

/* Begin XCConfigurationList section */
		FAA5F8332328CFCA00A3189E /* Build configuration list for PBXProject "ReactNativeMJRefresh" */ = {
			isa = XCConfigurationList;
			buildConfigurations = (
				FAA5F83F2328CFCA00A3189E /* Debug */,
				FAA5F8402328CFCA00A3189E /* Release */,
			);
			defaultConfigurationIsVisible = 0;
			defaultConfigurationName = Release;
		};
		FAA5F8412328CFCA00A3189E /* Build configuration list for PBXNativeTarget "ReactNativeMJRefresh" */ = {
			isa = XCConfigurationList;
			buildConfigurations = (
				FAA5F8422328CFCA00A3189E /* Debug */,
				FAA5F8432328CFCA00A3189E /* Release */,
			);
			defaultConfigurationIsVisible = 0;
			defaultConfigurationName = Release;
		};
/* End XCConfigurationList section */
	};
	rootObject = FAA5F8302328CFCA00A3189E /* Project object */;
}
